
Microsoft Visual Studio Solution File, Format Version 12.00
Project("{FAE04EC0-301F-11D3-BF4B-00C04F79EFBC}") = "EmpresTech", "EmpresTech\EmpresTech.csproj", "{76DAE667-DBA5-4D2A-9A18-12F13C3EC563}"
EndProject
Global
	GlobalSection(SolutionConfigurationPlatforms) = preSolution
		Debug|Any CPU = Debug|Any CPU
		Release|Any CPU = Release|Any CPU
	EndGlobalSection
	GlobalSection(ProjectConfigurationPlatforms) = postSolution
		{76DAE667-DBA5-4D2A-9A18-12F13C3EC563}.Debug|Any CPU.ActiveCfg = Debug|Any CPU
		{76DAE667-DBA5-4D2A-9A18-12F13C3EC563}.Debug|Any CPU.Build.0 = Debug|Any CPU
		{76DAE667-DBA5-4D2A-9A18-12F13C3EC563}.Release|Any CPU.ActiveCfg = Release|Any CPU
		{76DAE667-DBA5-4D2A-9A18-12F13C3EC563}.Release|Any CPU.Build.0 = Release|Any CPU
	EndGlobalSection
EndGlobal
